<?xml version="1.0" encoding="utf-8"?>
<Project ToolsVersion="4.0" xmlns="http://schemas.microsoft.com/developer/msbuild/2003">
  <ItemGroup>
    <Filter Include="Dependencies">
      <UniqueIdentifier>{4e971c9e-bede-419c-8ddd-6c65eb658c15}</UniqueIdentifier>
    </Filter>
    <Filter Include="Source">
      <UniqueIdentifier>{4FC737F1-C7A5-4376-A066-2A32D752A2FF}</UniqueIdentifier>
      <Extensions>cpp;c;cc;cxx;c++;cppm;ixx;def;odl;idl;hpj;bat;asm;asmx</Extensions>
    </Filter>
    <Filter Include="Source\Game">
      <UniqueIdentifier>{91ec849c-2add-4179-9f94-01e83a943f2b}</UniqueIdentifier>
    </Filter>
    <Filter Include="Source\Game\Genie">
      <UniqueIdentifier>{ebaf1f17-2527-4dcf-a414-c9812eb7796b}</UniqueIdentifier>
    </Filter>
  </ItemGroup>
  <ItemGroup>
    <ClCompile Include="source\main.cpp">
      <Filter>Source</Filter>
    </ClCompile>
    <ClCompile Include="dependencies\sunset\cpp\sunset.cpp">
      <Filter>Dependencies</Filter>
    </ClCompile>
    <ClCompile Include="source\pentane.cpp">
      <Filter>Source</Filter>
    </ClCompile>
    <ClCompile Include="source\Patch\OptionFlashCallbacks.cpp">
      <Filter>Source</Filter>
    </ClCompile>
  </ItemGroup>
  <ItemGroup>
    <ClInclude Include="source\Game\Types.hpp">
      <Filter>Source\Game</Filter>
    </ClInclude>
    <ClInclude Include="source\Game\Kernel.hpp">
      <Filter>Source\Game</Filter>
    </ClInclude>
    <ClInclude Include="source\pentane.hpp">
      <Filter>Source</Filter>
    </ClInclude>
    <ClInclude Include="source\Game\CLinearHash.hpp">
      <Filter>Source\Game</Filter>
    </ClInclude>
    <ClInclude Include="source\Game\GameSpecificFlashImpl.hpp">
      <Filter>Source\Game</Filter>
    </ClInclude>
    <ClInclude Include="source\Game\DynamicArray.hpp">
      <Filter>Source\Game</Filter>
    </ClInclude>
    <ClInclude Include="source\Game\Renderer.hpp">
      <Filter>Source\Game</Filter>
    </ClInclude>
    <ClInclude Include="source\Game\Genie\String.hpp">
      <Filter>Source\Game\Genie</Filter>
    </ClInclude>
  </ItemGroup>
  <ItemGroup>
    <None Include="plugin.def">
      <Filter>Source</Filter>
    </None>
  </ItemGroup>
</Project>